Microsoft Visual Studio Solution File, Format Version 12.00
# Visual Studio Version 17
VisualStudioVersion = 17.5.2.0
MinimumVisualStudioVersion = 10.0.40219.1
Project("{2150E333-8FDC-42A3-9474-1A3956D46DE8}") = "src", "src", "{827E0CD3-B72D-47B6-A68D-7590B98EB39B}"
EndProject
Project("{2150E333-8FDC-42A3-9474-1A3956D46DE8}") = "tests", "tests", "{0AB3BF05-4346-4AA6-1389-037BE0695223}"
EndProject
Project("{FAE04EC0-301F-11D3-BF4B-00C04F79EFBC}") = "WebCalculator", "src\WebCalculator\WebCalculator.csproj", "{A0563350-1A71-7542-7ED9-80A22A5024ED}"
EndProject
Project("{FAE04EC0-301F-11D3-BF4B-00C04F79EFBC}") = "WebCalculator.Tests", "tests\WebCalculator.Tests\WebCalculator.Tests.csproj", "{78A91560-4C68-0E02-66B8-FDE105E8CB20}"
EndProject
Global
	GlobalSection(SolutionConfigurationPlatforms) = preSolution
		Debug|Any CPU = Debug|Any CPU
		Release|Any CPU = Release|Any CPU
	EndGlobalSection
	GlobalSection(ProjectConfigurationPlatforms) = postSolution
		{A0563350-1A71-7542-7ED9-80A22A5024ED}.Debug|Any CPU.ActiveCfg = Debug|Any CPU
		{A0563350-1A71-7542-7ED9-80A22A5024ED}.Debug|Any CPU.Build.0 = Debug|Any CPU
		{A0563350-1A71-7542-7ED9-80A22A5024ED}.Release|Any CPU.ActiveCfg = Release|Any CPU
		{A0563350-1A71-7542-7ED9-80A22A5024ED}.Release|Any CPU.Build.0 = Release|Any CPU
		{78A91560-4C68-0E02-66B8-FDE105E8CB20}.Debug|Any CPU.ActiveCfg = Debug|Any CPU
		{78A91560-4C68-0E02-66B8-FDE105E8CB20}.Debug|Any CPU.Build.0 = Debug|Any CPU
		{78A91560-4C68-0E02-66B8-FDE105E8CB20}.Release|Any CPU.ActiveCfg = Release|Any CPU
		{78A91560-4C68-0E02-66B8-FDE105E8CB20}.Release|Any CPU.Build.0 = Release|Any CPU
	EndGlobalSection
	GlobalSection(SolutionProperties) = preSolution
		HideSolutionNode = FALSE
	EndGlobalSection
	GlobalSection(NestedProjects) = preSolution
		{A0563350-1A71-7542-7ED9-80A22A5024ED} = {827E0CD3-B72D-47B6-A68D-7590B98EB39B}
		{78A91560-4C68-0E02-66B8-FDE105E8CB20} = {0AB3BF05-4346-4AA6-1389-037BE0695223}
	EndGlobalSection
	GlobalSection(ExtensibilityGlobals) = postSolution
		SolutionGuid = {06634602-842E-4D36-9CB1-4F82C9D79D4E}
	EndGlobalSection
EndGlobal
